
Microsoft Visual Studio Solution File, Format Version 12.00
# Visual Studio Version 17
VisualStudioVersion = 17.11.35312.102
MinimumVisualStudioVersion = 10.0.40219.1
Project("{FAE04EC0-301F-11D3-BF4B-00C04F79EFBC}") = "maze", "maze.csproj", "{D7124AA6-BD40-4621-A240-4ACB9B423466}"
EndProject
Global
	GlobalSection(SolutionConfigurationPlatforms) = preSolution
		Debug|Any CPU = Debug|Any CPU
		Release|Any CPU = Release|Any CPU
	EndGlobalSection
	GlobalSection(ProjectConfigurationPlatforms) = postSolution
		{D7124AA6-BD40-4621-A240-4ACB9B423466}.Debug|Any CPU.ActiveCfg = Debug|Any CPU
		{D7124AA6-BD40-4621-A240-4ACB9B423466}.Debug|Any CPU.Build.0 = Debug|Any CPU
		{D7124AA6-BD40-4621-A240-4ACB9B423466}.Release|Any CPU.ActiveCfg = Release|Any CPU
		{D7124AA6-BD40-4621-A240-4ACB9B423466}.Release|Any CPU.Build.0 = Release|Any CPU
	EndGlobalSection
	GlobalSection(SolutionProperties) = preSolution
		HideSolutionNode = FALSE
	EndGlobalSection
	GlobalSection(ExtensibilityGlobals) = postSolution
		SolutionGuid = {0C7D9C8A-5266-4CE5-8CD0-BD7A8656648D}
	EndGlobalSection
EndGlobal
